
Microsoft Visual Studio Solution File, Format Version 12.00
# Visual Studio 15
VisualStudioVersion = 15.0.26124.0
MinimumVisualStudioVersion = 15.0.26124.0
Project("{2150E333-8FDC-42A3-9474-1A3956D46DE8}") = "src", "src", "{5033EB09-5B88-48B9-8482-8FAD4EE3B5D4}"
EndProject
Project("{FAE04EC0-301F-11D3-BF4B-00C04F79EFBC}") = "GradeBook", "src\GradeBook\GradeBook.csproj", "{0D3E7CCB-4BE5-481E-9A76-59D67A8B0BB1}"
EndProject
Project("{2150E333-8FDC-42A3-9474-1A3956D46DE8}") = "test", "test", "{CFEBB48D-B60D-45E2-8161-ED2B5E0EA950}"
EndProject
Project("{FAE04EC0-301F-11D3-BF4B-00C04F79EFBC}") = "GradeBook.Tests", "test\GradeBook.Tests\GradeBook.Tests.csproj", "{458EE08D-CF1A-409A-BD0A-9445A9069AD3}"
EndProject
Global
	GlobalSection(SolutionConfigurationPlatforms) = preSolution
		Debug|Any CPU = Debug|Any CPU
		Debug|x64 = Debug|x64
		Debug|x86 = Debug|x86
		Release|Any CPU = Release|Any CPU
		Release|x64 = Release|x64
		Release|x86 = Release|x86
	EndGlobalSection
	GlobalSection(SolutionProperties) = preSolution
		HideSolutionNode = FALSE
	EndGlobalSection
	GlobalSection(ProjectConfigurationPlatforms) = postSolution
		{0D3E7CCB-4BE5-481E-9A76-59D67A8B0BB1}.Debug|Any CPU.ActiveCfg = Debug|Any CPU
		{0D3E7CCB-4BE5-481E-9A76-59D67A8B0BB1}.Debug|Any CPU.Build.0 = Debug|Any CPU
		{0D3E7CCB-4BE5-481E-9A76-59D67A8B0BB1}.Debug|x64.ActiveCfg = Debug|Any CPU
		{0D3E7CCB-4BE5-481E-9A76-59D67A8B0BB1}.Debug|x64.Build.0 = Debug|Any CPU
		{0D3E7CCB-4BE5-481E-9A76-59D67A8B0BB1}.Debug|x86.ActiveCfg = Debug|Any CPU
		{0D3E7CCB-4BE5-481E-9A76-59D67A8B0BB1}.Debug|x86.Build.0 = Debug|Any CPU
		{0D3E7CCB-4BE5-481E-9A76-59D67A8B0BB1}.Release|Any CPU.ActiveCfg = Release|Any CPU
		{0D3E7CCB-4BE5-481E-9A76-59D67A8B0BB1}.Release|Any CPU.Build.0 = Release|Any CPU
		{0D3E7CCB-4BE5-481E-9A76-59D67A8B0BB1}.Release|x64.ActiveCfg = Release|Any CPU
		{0D3E7CCB-4BE5-481E-9A76-59D67A8B0BB1}.Release|x64.Build.0 = Release|Any CPU
		{0D3E7CCB-4BE5-481E-9A76-59D67A8B0BB1}.Release|x86.ActiveCfg = Release|Any CPU
		{0D3E7CCB-4BE5-481E-9A76-59D67A8B0BB1}.Release|x86.Build.0 = Release|Any CPU
		{458EE08D-CF1A-409A-BD0A-9445A9069AD3}.Debug|Any CPU.ActiveCfg = Debug|Any CPU
		{458EE08D-CF1A-409A-BD0A-9445A9069AD3}.Debug|Any CPU.Build.0 = Debug|Any CPU
		{458EE08D-CF1A-409A-BD0A-9445A9069AD3}.Debug|x64.ActiveCfg = Debug|Any CPU
		{458EE08D-CF1A-409A-BD0A-9445A9069AD3}.Debug|x64.Build.0 = Debug|Any CPU
		{458EE08D-CF1A-409A-BD0A-9445A9069AD3}.Debug|x86.ActiveCfg = Debug|Any CPU
		{458EE08D-CF1A-409A-BD0A-9445A9069AD3}.Debug|x86.Build.0 = Debug|Any CPU
		{458EE08D-CF1A-409A-BD0A-9445A9069AD3}.Release|Any CPU.ActiveCfg = Release|Any CPU
		{458EE08D-CF1A-409A-BD0A-9445A9069AD3}.Release|Any CPU.Build.0 = Release|Any CPU
		{458EE08D-CF1A-409A-BD0A-9445A9069AD3}.Release|x64.ActiveCfg = Release|Any CPU
		{458EE08D-CF1A-409A-BD0A-9445A9069AD3}.Release|x64.Build.0 = Release|Any CPU
		{458EE08D-CF1A-409A-BD0A-9445A9069AD3}.Release|x86.ActiveCfg = Release|Any CPU
		{458EE08D-CF1A-409A-BD0A-9445A9069AD3}.Release|x86.Build.0 = Release|Any CPU
	EndGlobalSection
	GlobalSection(NestedProjects) = preSolution
		{0D3E7CCB-4BE5-481E-9A76-59D67A8B0BB1} = {5033EB09-5B88-48B9-8482-8FAD4EE3B5D4}
		{458EE08D-CF1A-409A-BD0A-9445A9069AD3} = {CFEBB48D-B60D-45E2-8161-ED2B5E0EA950}
	EndGlobalSection
EndGlobal
